
Microsoft Visual Studio Solution File, Format Version 12.00
# Visual Studio 14
VisualStudioVersion = 14.0.25420.1
MinimumVisualStudioVersion = 10.0.40219.1
Project("{8BB2217D-0F2D-49D1-97BC-3654ED321F3B}") = "FileCabinet", "FileCabinet\FileCabinet.xproj", "{3BF8CA37-27E9-477C-A47D-4957D339ABC1}"
EndProject
Project("{8BB2217D-0F2D-49D1-97BC-3654ED321F3B}") = "FileCabinet.AzureBlobStorage", "FileCabinet.AzureBlobStorage\FileCabinet.AzureBlobStorage.xproj", "{21F7835A-3B34-4A40-98D5-E3A4D2F6F177}"
EndProject
Project("{8BB2217D-0F2D-49D1-97BC-3654ED321F3B}") = "FileCabinet.AzureBlobStorage.Tests", "FileCabinet.AzureBlobStorage.Tests\FileCabinet.AzureBlobStorage.Tests.xproj", "{F1D39B40-9D3A-490A-8F5E-DAA8C89061FE}"
EndProject
Global
	GlobalSection(SolutionConfigurationPlatforms) = preSolution
		Debug|Any CPU = Debug|Any CPU
		Release|Any CPU = Release|Any CPU
	EndGlobalSection
	GlobalSection(ProjectConfigurationPlatforms) = postSolution
		{3BF8CA37-27E9-477C-A47D-4957D339ABC1}.Debug|Any CPU.ActiveCfg = Debug|Any CPU
		{3BF8CA37-27E9-477C-A47D-4957D339ABC1}.Debug|Any CPU.Build.0 = Debug|Any CPU
		{3BF8CA37-27E9-477C-A47D-4957D339ABC1}.Release|Any CPU.ActiveCfg = Release|Any CPU
		{3BF8CA37-27E9-477C-A47D-4957D339ABC1}.Release|Any CPU.Build.0 = Release|Any CPU
		{21F7835A-3B34-4A40-98D5-E3A4D2F6F177}.Debug|Any CPU.ActiveCfg = Debug|Any CPU
		{21F7835A-3B34-4A40-98D5-E3A4D2F6F177}.Debug|Any CPU.Build.0 = Debug|Any CPU
		{21F7835A-3B34-4A40-98D5-E3A4D2F6F177}.Release|Any CPU.ActiveCfg = Release|Any CPU
		{21F7835A-3B34-4A40-98D5-E3A4D2F6F177}.Release|Any CPU.Build.0 = Release|Any CPU
		{F1D39B40-9D3A-490A-8F5E-DAA8C89061FE}.Debug|Any CPU.ActiveCfg = Debug|Any CPU
		{F1D39B40-9D3A-490A-8F5E-DAA8C89061FE}.Debug|Any CPU.Build.0 = Debug|Any CPU
		{F1D39B40-9D3A-490A-8F5E-DAA8C89061FE}.Release|Any CPU.ActiveCfg = Release|Any CPU
		{F1D39B40-9D3A-490A-8F5E-DAA8C89061FE}.Release|Any CPU.Build.0 = Release|Any CPU
	EndGlobalSection
	GlobalSection(SolutionProperties) = preSolution
		HideSolutionNode = FALSE
	EndGlobalSection
EndGlobal
